{
  "name": "projectnode",
  "version": "1.0.0",
  "lockfileVersion": 1,
  "requires": true,
  "dependencies": {
    "mypackagee": {
      "version": "1.0.0",
      "resolved": "https://registry.npmjs.org/mypackagee/-/mypackagee-1.0.0.tgz",
      "integrity": "sha512-Sm2luXRS7ygLL96NAQCCrG8Rmu/Xs5opTqHg3DhXL38nDtNbvky1V6df5k6tSgMW/z/V6C4PZYpWTqz2qeWpnQ=="
    }
  }
}
